
Microsoft Visual Studio Solution File, Format Version 12.00
# Visual Studio Version 16
VisualStudioVersion = 16.0.30907.101
MinimumVisualStudioVersion = 10.0.40219.1
Project("{FAE04EC0-301F-11D3-BF4B-00C04F79EFBC}") = "P01_StudentSystem", "P01_StudentSystem\P01_StudentSystem.csproj", "{4822D22E-301A-4715-ABE8-D83012C5CA26}"
EndProject
Global
	GlobalSection(SolutionConfigurationPlatforms) = preSolution
		Debug|Any CPU = Debug|Any CPU
		Release|Any CPU = Release|Any CPU
	EndGlobalSection
	GlobalSection(ProjectConfigurationPlatforms) = postSolution
		{4822D22E-301A-4715-ABE8-D83012C5CA26}.Debug|Any CPU.ActiveCfg = Debug|Any CPU
		{4822D22E-301A-4715-ABE8-D83012C5CA26}.Debug|Any CPU.Build.0 = Debug|Any CPU
		{4822D22E-301A-4715-ABE8-D83012C5CA26}.Release|Any CPU.ActiveCfg = Release|Any CPU
		{4822D22E-301A-4715-ABE8-D83012C5CA26}.Release|Any CPU.Build.0 = Release|Any CPU
	EndGlobalSection
	GlobalSection(SolutionProperties) = preSolution
		HideSolutionNode = FALSE
	EndGlobalSection
	GlobalSection(ExtensibilityGlobals) = postSolution
		SolutionGuid = {D92F31D2-44E8-47DF-812F-731890EC968B}
	EndGlobalSection
EndGlobal
