
Microsoft Visual Studio Solution File, Format Version 12.00
# Visual Studio Version 16
VisualStudioVersion = 16.0.30907.101
MinimumVisualStudioVersion = 10.0.40219.1
Project("{FAE04EC0-301F-11D3-BF4B-00C04F79EFBC}") = "SoftUni", "SoftUni\SoftUni.csproj", "{B4F26810-EB11-4E0C-B4D6-6FADCE3E8D89}"
EndProject
Global
	GlobalSection(SolutionConfigurationPlatforms) = preSolution
		Debug|Any CPU = Debug|Any CPU
		Release|Any CPU = Release|Any CPU
	EndGlobalSection
	GlobalSection(ProjectConfigurationPlatforms) = postSolution
		{B4F26810-EB11-4E0C-B4D6-6FADCE3E8D89}.Debug|Any CPU.ActiveCfg = Debug|Any CPU
		{B4F26810-EB11-4E0C-B4D6-6FADCE3E8D89}.Debug|Any CPU.Build.0 = Debug|Any CPU
		{B4F26810-EB11-4E0C-B4D6-6FADCE3E8D89}.Release|Any CPU.ActiveCfg = Release|Any CPU
		{B4F26810-EB11-4E0C-B4D6-6FADCE3E8D89}.Release|Any CPU.Build.0 = Release|Any CPU
	EndGlobalSection
	GlobalSection(SolutionProperties) = preSolution
		HideSolutionNode = FALSE
	EndGlobalSection
	GlobalSection(ExtensibilityGlobals) = postSolution
		SolutionGuid = {38F21694-42F5-47F7-8EEE-50EB5E25685A}
	EndGlobalSection
EndGlobal
